
Microsoft Visual Studio Solution File, Format Version 12.00
# Visual Studio Version 17
VisualStudioVersion = 17.9.34607.119
MinimumVisualStudioVersion = 10.0.40219.1
Project("{FAE04EC0-301F-11D3-BF4B-00C04F79EFBC}") = "ZKR", "ZKR\ZKR.csproj", "{E4FB19ED-9F56-4D6D-8948-CAE7FA643E73}"
EndProject
Global
	GlobalSection(SolutionConfigurationPlatforms) = preSolution
		Debug|Any CPU = Debug|Any CPU
		Release|Any CPU = Release|Any CPU
	EndGlobalSection
	GlobalSection(ProjectConfigurationPlatforms) = postSolution
		{E4FB19ED-9F56-4D6D-8948-CAE7FA643E73}.Debug|Any CPU.ActiveCfg = Debug|Any CPU
		{E4FB19ED-9F56-4D6D-8948-CAE7FA643E73}.Debug|Any CPU.Build.0 = Debug|Any CPU
		{E4FB19ED-9F56-4D6D-8948-CAE7FA643E73}.Release|Any CPU.ActiveCfg = Release|Any CPU
		{E4FB19ED-9F56-4D6D-8948-CAE7FA643E73}.Release|Any CPU.Build.0 = Release|Any CPU
	EndGlobalSection
	GlobalSection(SolutionProperties) = preSolution
		HideSolutionNode = FALSE
	EndGlobalSection
	GlobalSection(ExtensibilityGlobals) = postSolution
		SolutionGuid = {7CC65D5D-F04E-4F0F-BA60-712F37EAA5F1}
	EndGlobalSection
EndGlobal
