
Microsoft Visual Studio Solution File, Format Version 12.00
# Visual Studio Version 17
VisualStudioVersion = 17.10.35027.167
MinimumVisualStudioVersion = 10.0.40219.1
Project("{FAE04EC0-301F-11D3-BF4B-00C04F79EFBC}") = "GUI - Canban", "GUI - Canban.csproj", "{A88E194A-B963-43B9-B25C-69B300774846}"
EndProject
Global
	GlobalSection(SolutionConfigurationPlatforms) = preSolution
		Debug|Any CPU = Debug|Any CPU
		Release|Any CPU = Release|Any CPU
	EndGlobalSection
	GlobalSection(ProjectConfigurationPlatforms) = postSolution
		{A88E194A-B963-43B9-B25C-69B300774846}.Debug|Any CPU.ActiveCfg = Debug|Any CPU
		{A88E194A-B963-43B9-B25C-69B300774846}.Debug|Any CPU.Build.0 = Debug|Any CPU
		{A88E194A-B963-43B9-B25C-69B300774846}.Release|Any CPU.ActiveCfg = Release|Any CPU
		{A88E194A-B963-43B9-B25C-69B300774846}.Release|Any CPU.Build.0 = Release|Any CPU
	EndGlobalSection
	GlobalSection(SolutionProperties) = preSolution
		HideSolutionNode = FALSE
	EndGlobalSection
	GlobalSection(ExtensibilityGlobals) = postSolution
		SolutionGuid = {6528A321-72C1-4652-967C-C7A9F8A9BEF2}
	EndGlobalSection
EndGlobal
